{
  "object": {
    "pins": [
      {
        "package": "RevenueCat",
        "repositoryURL": "https://github.com/RevenueCat/purchases-ios-spm.git",
        "state": {
          "branch": null,
          "revision": "828a464d12ff8fe4f633ef1b0116e76fd2a1e462",
          "version": "5.59.2"
        }
      }
    ]
  },
  "version": 1
}
