// !$*UTF8*$!
{
	archiveVersion = 1;
	classes = {
	};
	objectVersion = 77;
	objects = {

/* Begin PBXBuildFile section */
		7205C1F02D797535001D4979 /* LockScreen3Widget.swift in Sources */ = {isa = PBXBuildFile; fileRef = 7205C1EE2D797535001D4979 /* LockScreen3Widget.swift */; };
		7205C1F12D797535001D4979 /* LockScreen4Widget.swift in Sources */ = {isa = PBXBuildFile; fileRef = 7205C1EF2D797535001D4979 /* LockScreen4Widget.swift */; };
		720CCE432E3960BB002DD82E /* Globals.swift in Sources */ = {isa = PBXBuildFile; fileRef = 720CCE422E3960BB002DD82E /* Globals.swift */; };
		720CCE452E3960BB002DD82E /* Globals.swift in Sources */ = {isa = PBXBuildFile; fileRef = 720CCE422E3960BB002DD82E /* Globals.swift */; };
		720DEC682D2456FF006EA342 /* CreditsView.swift in Sources */ = {isa = PBXBuildFile; fileRef = 720DEC642D2456FF006EA342 /* CreditsView.swift */; };
		722BBD382F0997DB004F3659 /* AdhanSheet.swift in Sources */ = {isa = PBXBuildFile; fileRef = 722BBD372F0997DB004F3659 /* AdhanSheet.swift */; };
		72537C1E2F04338E00829F59 /* AppReview.swift in Sources */ = {isa = PBXBuildFile; fileRef = 72537C1D2F04338E00829F59 /* AppReview.swift */; };
		72537C202F04340600829F59 /* AdhanStructs.swift in Sources */ = {isa = PBXBuildFile; fileRef = 72537C1F2F04340600829F59 /* AdhanStructs.swift */; };
		72537C222F0434C500829F59 /* AdhanStructs.swift in Sources */ = {isa = PBXBuildFile; fileRef = 72537C1F2F04340600829F59 /* AdhanStructs.swift */; };
		72574CCC2E49F26900BFF138 /* AdhanShortcuts.swift in Sources */ = {isa = PBXBuildFile; fileRef = 72574CCB2E49F26900BFF138 /* AdhanShortcuts.swift */; };
		72574CCF2E49F26900BFF138 /* AdhanShortcuts.swift in Sources */ = {isa = PBXBuildFile; fileRef = 72574CCB2E49F26900BFF138 /* AdhanShortcuts.swift */; };
		72574CD52E49F35600BFF138 /* AppIntents.swift in Sources */ = {isa = PBXBuildFile; fileRef = 72574CD32E49F35600BFF138 /* AppIntents.swift */; };
		72574CD62E49F35600BFF138 /* AppIntents.swift in Sources */ = {isa = PBXBuildFile; fileRef = 72574CD32E49F35600BFF138 /* AppIntents.swift */; };
		7263422B2E8CCB4C00B9A0DA /* CalendarView.swift in Sources */ = {isa = PBXBuildFile; fileRef = 7263422A2E8CCB4C00B9A0DA /* CalendarView.swift */; };
		72657D492E3EB6C700D8F41B /* ArabicLetterView.swift in Sources */ = {isa = PBXBuildFile; fileRef = 72657D452E3EB6C700D8F41B /* ArabicLetterView.swift */; };
		72657D4A2E3EB6C700D8F41B /* Arabic.swift in Sources */ = {isa = PBXBuildFile; fileRef = 72657D432E3EB6C700D8F41B /* Arabic.swift */; };
		72657D4B2E3EB6C700D8F41B /* ArabicView.swift in Sources */ = {isa = PBXBuildFile; fileRef = 72657D442E3EB6C700D8F41B /* ArabicView.swift */; };
		72657D4C2E3EB6D200D8F41B /* Arabic.swift in Sources */ = {isa = PBXBuildFile; fileRef = 72657D432E3EB6C700D8F41B /* Arabic.swift */; };
		72728C962B3D18E500FAA3B3 /* Al-AdhanApp.swift in Sources */ = {isa = PBXBuildFile; fileRef = 72728C952B3D18E500FAA3B3 /* Al-AdhanApp.swift */; };
		72728C9A2B3D18E600FAA3B3 /* Assets.xcassets in Resources */ = {isa = PBXBuildFile; fileRef = 72728C992B3D18E600FAA3B3 /* Assets.xcassets */; };
		72728CA42B3D191F00FAA3B3 /* Uthmani.otf in Resources */ = {isa = PBXBuildFile; fileRef = 72728CA32B3D191F00FAA3B3 /* Uthmani.otf */; };
		72728CAD2B3D198300FAA3B3 /* ToolsView.swift in Sources */ = {isa = PBXBuildFile; fileRef = 72728CAA2B3D198300FAA3B3 /* ToolsView.swift */; };
		72728CAE2B3D198300FAA3B3 /* 99_Names_Of_Allah.json in Resources */ = {isa = PBXBuildFile; fileRef = 72728CAB2B3D198300FAA3B3 /* 99_Names_Of_Allah.json */; };
		72728CB12B3D19CF00FAA3B3 /* SplashScreen.swift in Sources */ = {isa = PBXBuildFile; fileRef = 72728CAF2B3D19CF00FAA3B3 /* SplashScreen.swift */; };
		72728CB22B3D19CF00FAA3B3 /* LaunchScreen.swift in Sources */ = {isa = PBXBuildFile; fileRef = 72728CB02B3D19CF00FAA3B3 /* LaunchScreen.swift */; };
		72728CB42B3D19EE00FAA3B3 /* AdhanView.swift in Sources */ = {isa = PBXBuildFile; fileRef = 72728CB32B3D19EE00FAA3B3 /* AdhanView.swift */; };
		72728CB92B3D1A6E00FAA3B3 /* QiblaView.swift in Sources */ = {isa = PBXBuildFile; fileRef = 72728CB82B3D1A6E00FAA3B3 /* QiblaView.swift */; };
		72728CBB2B3D1A7A00FAA3B3 /* PrayerCountdown.swift in Sources */ = {isa = PBXBuildFile; fileRef = 72728CBA2B3D1A7A00FAA3B3 /* PrayerCountdown.swift */; };
		72728CBD2B3D1A8300FAA3B3 /* PrayerList.swift in Sources */ = {isa = PBXBuildFile; fileRef = 72728CBC2B3D1A8300FAA3B3 /* PrayerList.swift */; };
		72728CC02B3D1AA000FAA3B3 /* SettingsView.swift in Sources */ = {isa = PBXBuildFile; fileRef = 72728CBF2B3D1AA000FAA3B3 /* SettingsView.swift */; };
		72728CC22B3D1AA300FAA3B3 /* Settings.swift in Sources */ = {isa = PBXBuildFile; fileRef = 72728CC12B3D1AA300FAA3B3 /* Settings.swift */; };
		72728CF72B3D51B200FAA3B3 /* Widgets.swift in Sources */ = {isa = PBXBuildFile; fileRef = 72728CF62B3D51B200FAA3B3 /* Widgets.swift */; };
		72728CF92B3D51B200FAA3B3 /* PrayersWidget.swift in Sources */ = {isa = PBXBuildFile; fileRef = 72728CF82B3D51B200FAA3B3 /* PrayersWidget.swift */; };
		72728CFF2B3D51B300FAA3B3 /* Widget.appex in Embed Foundation Extensions */ = {isa = PBXBuildFile; fileRef = 72728CF02B3D51B200FAA3B3 /* Widget.appex */; settings = {ATTRIBUTES = (RemoveHeadersOnCopy, ); }; };
		72728D062B3D51F800FAA3B3 /* PrayersProvider.swift in Sources */ = {isa = PBXBuildFile; fileRef = 72728D052B3D51F800FAA3B3 /* PrayersProvider.swift */; };
		72728D082B3D523700FAA3B3 /* CountdownWidget.swift in Sources */ = {isa = PBXBuildFile; fileRef = 72728D072B3D523700FAA3B3 /* CountdownWidget.swift */; };
		72728D0A2B3D524600FAA3B3 /* LockScreen1Widget.swift in Sources */ = {isa = PBXBuildFile; fileRef = 72728D092B3D524600FAA3B3 /* LockScreen1Widget.swift */; };
		72728D0C2B3D525300FAA3B3 /* LockScreen2Widget.swift in Sources */ = {isa = PBXBuildFile; fileRef = 72728D0B2B3D525300FAA3B3 /* LockScreen2Widget.swift */; };
		72728D232B3D52B900FAA3B3 /* Uthmani.otf in Resources */ = {isa = PBXBuildFile; fileRef = 72728CA32B3D191F00FAA3B3 /* Uthmani.otf */; };
		72728D262B3D52BE00FAA3B3 /* Assets.xcassets in Resources */ = {isa = PBXBuildFile; fileRef = 72728C992B3D18E600FAA3B3 /* Assets.xcassets */; };
		72728D282B3D52C400FAA3B3 /* Settings.swift in Sources */ = {isa = PBXBuildFile; fileRef = 72728CC12B3D1AA300FAA3B3 /* Settings.swift */; };
		72827EAF2E3D70EC00EBA534 /* SettingsAdhanView.swift in Sources */ = {isa = PBXBuildFile; fileRef = 72827EAE2E3D70EC00EBA534 /* SettingsAdhanView.swift */; };
		728E2EEB2E6E048300F2C24C /* SettingsAdhan.swift in Sources */ = {isa = PBXBuildFile; fileRef = 728E2EEA2E6E048300F2C24C /* SettingsAdhan.swift */; };
		728E2EEC2E6E048300F2C24C /* SettingsAdhan.swift in Sources */ = {isa = PBXBuildFile; fileRef = 728E2EEA2E6E048300F2C24C /* SettingsAdhan.swift */; };
		72BC6B242E2B9D9300ACD832 /* OtherView.swift in Sources */ = {isa = PBXBuildFile; fileRef = 72728CEA2B3D209E00FAA3B3 /* OtherView.swift */; };
		72C30E8D2BCC648400F54570 /* Adhan in Frameworks */ = {isa = PBXBuildFile; productRef = 72C30E8C2BCC648400F54570 /* Adhan */; };
		72C30E8F2BCC649400F54570 /* Adhan in Frameworks */ = {isa = PBXBuildFile; productRef = 72C30E8E2BCC649400F54570 /* Adhan */; };
		72C7DD782D79AA0C00FC6058 /* SimpleWidget.swift in Sources */ = {isa = PBXBuildFile; fileRef = 72C7DD772D79AA0C00FC6058 /* SimpleWidget.swift */; };
		72CCAE602D42CD8A00871A6A /* MapView.swift in Sources */ = {isa = PBXBuildFile; fileRef = 72CCAE5F2D42CD8A00871A6A /* MapView.swift */; };
		72CCAE622D42CDAD00871A6A /* AppDelegate.swift in Sources */ = {isa = PBXBuildFile; fileRef = 72CCAE612D42CDAD00871A6A /* AppDelegate.swift */; };
		72CCAE642D42CDEB00871A6A /* ConditionalStyle.swift in Sources */ = {isa = PBXBuildFile; fileRef = 72CCAE632D42CDEB00871A6A /* ConditionalStyle.swift */; };
		72CCAE662D42CE0000871A6A /* SearchBar.swift in Sources */ = {isa = PBXBuildFile; fileRef = 72CCAE652D42CE0000871A6A /* SearchBar.swift */; };
		72CCAE682D42CE2B00871A6A /* DismissKeyboard.swift in Sources */ = {isa = PBXBuildFile; fileRef = 72CCAE672D42CE2B00871A6A /* DismissKeyboard.swift */; };
		72D0BCCB2D7AE99600B7E4F5 /* Prayers2Widget.swift in Sources */ = {isa = PBXBuildFile; fileRef = 72D0BCCA2D7AE99600B7E4F5 /* Prayers2Widget.swift */; };
		FCB183172F4D506300249966 /* RevenueCat in Frameworks */ = {isa = PBXBuildFile; productRef = FCB183162F4D506300249966 /* RevenueCat */; };
		FCB183192F4D506300249966 /* RevenueCatUI in Frameworks */ = {isa = PBXBuildFile; productRef = FCB183182F4D506300249966 /* RevenueCatUI */; };
/* End PBXBuildFile section */

/* Begin PBXContainerItemProxy section */
		72728CFD2B3D51B300FAA3B3 /* PBXContainerItemProxy */ = {
			isa = PBXContainerItemProxy;
			containerPortal = 72728C8A2B3D18E500FAA3B3 /* Project object */;
			proxyType = 1;
			remoteGlobalIDString = 72728CEF2B3D51B200FAA3B3;
			remoteInfo = WidgetExtension;
		};
/* End PBXContainerItemProxy section */

/* Begin PBXCopyFilesBuildPhase section */
		72728D032B3D51B300FAA3B3 /* Embed Foundation Extensions */ = {
			isa = PBXCopyFilesBuildPhase;
			buildActionMask = 12;
			dstPath = "";
			dstSubfolderSpec = 13;
			files = (
				72728CFF2B3D51B300FAA3B3 /* Widget.appex in Embed Foundation Extensions */,
			);
			name = "Embed Foundation Extensions";
			runOnlyForDeploymentPostprocessing = 0;
		};
/* End PBXCopyFilesBuildPhase section */

/* Begin PBXFileReference section */
		7205C1EE2D797535001D4979 /* LockScreen3Widget.swift */ = {isa = PBXFileReference; lastKnownFileType = sourcecode.swift; path = LockScreen3Widget.swift; sourceTree = "<group>"; };
		7205C1EF2D797535001D4979 /* LockScreen4Widget.swift */ = {isa = PBXFileReference; lastKnownFileType = sourcecode.swift; path = LockScreen4Widget.swift; sourceTree = "<group>"; };
		720CCE422E3960BB002DD82E /* Globals.swift */ = {isa = PBXFileReference; lastKnownFileType = sourcecode.swift; path = Globals.swift; sourceTree = "<group>"; };
		720DEC642D2456FF006EA342 /* CreditsView.swift */ = {isa = PBXFileReference; lastKnownFileType = sourcecode.swift; path = CreditsView.swift; sourceTree = "<group>"; };
		722A7F882D421F5F0040DC9C /* adhan-swift-main */ = {isa = PBXFileReference; lastKnownFileType = wrapper; path = "adhan-swift-main"; sourceTree = "<group>"; };
		722BBD372F0997DB004F3659 /* AdhanSheet.swift */ = {isa = PBXFileReference; lastKnownFileType = sourcecode.swift; path = AdhanSheet.swift; sourceTree = "<group>"; };
		72537C1D2F04338E00829F59 /* AppReview.swift */ = {isa = PBXFileReference; lastKnownFileType = sourcecode.swift; path = AppReview.swift; sourceTree = "<group>"; };
		72537C1F2F04340600829F59 /* AdhanStructs.swift */ = {isa = PBXFileReference; lastKnownFileType = sourcecode.swift; path = AdhanStructs.swift; sourceTree = "<group>"; };
		72574CCB2E49F26900BFF138 /* AdhanShortcuts.swift */ = {isa = PBXFileReference; lastKnownFileType = sourcecode.swift; path = AdhanShortcuts.swift; sourceTree = "<group>"; };
		72574CD32E49F35600BFF138 /* AppIntents.swift */ = {isa = PBXFileReference; lastKnownFileType = sourcecode.swift; path = AppIntents.swift; sourceTree = "<group>"; };
		72616D7F2D52F70D00A66C86 /* Info-Widget.plist */ = {isa = PBXFileReference; lastKnownFileType = text.plist.xml; path = "Info-Widget.plist"; sourceTree = "<group>"; };
		7263422A2E8CCB4C00B9A0DA /* CalendarView.swift */ = {isa = PBXFileReference; lastKnownFileType = sourcecode.swift; path = CalendarView.swift; sourceTree = "<group>"; };
		72657D432E3EB6C700D8F41B /* Arabic.swift */ = {isa = PBXFileReference; lastKnownFileType = sourcecode.swift; path = Arabic.swift; sourceTree = "<group>"; };
		72657D442E3EB6C700D8F41B /* ArabicView.swift */ = {isa = PBXFileReference; lastKnownFileType = sourcecode.swift; path = ArabicView.swift; sourceTree = "<group>"; };
		72657D452E3EB6C700D8F41B /* ArabicLetterView.swift */ = {isa = PBXFileReference; lastKnownFileType = sourcecode.swift; path = ArabicLetterView.swift; sourceTree = "<group>"; };
		72728C922B3D18E500FAA3B3 /* iPhone.app */ = {isa = PBXFileReference; explicitFileType = wrapper.application; includeInIndex = 0; path = iPhone.app; sourceTree = BUILT_PRODUCTS_DIR; };
		72728C952B3D18E500FAA3B3 /* Al-AdhanApp.swift */ = {isa = PBXFileReference; lastKnownFileType = sourcecode.swift; path = "Al-AdhanApp.swift"; sourceTree = "<group>"; };
		72728C992B3D18E600FAA3B3 /* Assets.xcassets */ = {isa = PBXFileReference; lastKnownFileType = folder.assetcatalog; path = Assets.xcassets; sourceTree = "<group>"; };
		72728CA32B3D191F00FAA3B3 /* Uthmani.otf */ = {isa = PBXFileReference; lastKnownFileType = file; path = Uthmani.otf; sourceTree = "<group>"; };
		72728CAA2B3D198300FAA3B3 /* ToolsView.swift */ = {isa = PBXFileReference; fileEncoding = 4; lastKnownFileType = sourcecode.swift; path = ToolsView.swift; sourceTree = "<group>"; };
		72728CAB2B3D198300FAA3B3 /* 99_Names_Of_Allah.json */ = {isa = PBXFileReference; fileEncoding = 4; lastKnownFileType = text.json; path = 99_Names_Of_Allah.json; sourceTree = "<group>"; };
		72728CAF2B3D19CF00FAA3B3 /* SplashScreen.swift */ = {isa = PBXFileReference; fileEncoding = 4; lastKnownFileType = sourcecode.swift; path = SplashScreen.swift; sourceTree = "<group>"; };
		72728CB02B3D19CF00FAA3B3 /* LaunchScreen.swift */ = {isa = PBXFileReference; fileEncoding = 4; lastKnownFileType = sourcecode.swift; path = LaunchScreen.swift; sourceTree = "<group>"; };
		72728CB32B3D19EE00FAA3B3 /* AdhanView.swift */ = {isa = PBXFileReference; lastKnownFileType = sourcecode.swift; path = AdhanView.swift; sourceTree = "<group>"; };
		72728CB52B3D1A0E00FAA3B3 /* Entitlements.entitlements */ = {isa = PBXFileReference; lastKnownFileType = text.plist.entitlements; path = Entitlements.entitlements; sourceTree = "<group>"; };
		72728CB82B3D1A6E00FAA3B3 /* QiblaView.swift */ = {isa = PBXFileReference; lastKnownFileType = sourcecode.swift; path = QiblaView.swift; sourceTree = "<group>"; };
		72728CBA2B3D1A7A00FAA3B3 /* PrayerCountdown.swift */ = {isa = PBXFileReference; lastKnownFileType = sourcecode.swift; path = PrayerCountdown.swift; sourceTree = "<group>"; };
		72728CBC2B3D1A8300FAA3B3 /* PrayerList.swift */ = {isa = PBXFileReference; lastKnownFileType = sourcecode.swift; path = PrayerList.swift; sourceTree = "<group>"; };
		72728CBF2B3D1AA000FAA3B3 /* SettingsView.swift */ = {isa = PBXFileReference; lastKnownFileType = sourcecode.swift; path = SettingsView.swift; sourceTree = "<group>"; };
		72728CC12B3D1AA300FAA3B3 /* Settings.swift */ = {isa = PBXFileReference; lastKnownFileType = sourcecode.swift; path = Settings.swift; sourceTree = "<group>"; };
		72728CC72B3D1FF900FAA3B3 /* Al-Adhan.app */ = {isa = PBXFileReference; explicitFileType = wrapper.application; includeInIndex = 0; path = "Al-Adhan.app"; sourceTree = BUILT_PRODUCTS_DIR; };
		72728CC92B3D1FF900FAA3B3 /* Al-AdhanApp.swift */ = {isa = PBXFileReference; lastKnownFileType = sourcecode.swift; path = "Al-AdhanApp.swift"; sourceTree = "<group>"; };
		72728CEA2B3D209E00FAA3B3 /* OtherView.swift */ = {isa = PBXFileReference; lastKnownFileType = sourcecode.swift; path = OtherView.swift; sourceTree = "<group>"; };
		72728CF02B3D51B200FAA3B3 /* Widget.appex */ = {isa = PBXFileReference; explicitFileType = "wrapper.app-extension"; includeInIndex = 0; path = Widget.appex; sourceTree = BUILT_PRODUCTS_DIR; };
		72728CF62B3D51B200FAA3B3 /* Widgets.swift */ = {isa = PBXFileReference; lastKnownFileType = sourcecode.swift; path = Widgets.swift; sourceTree = "<group>"; };
		72728CF82B3D51B200FAA3B3 /* PrayersWidget.swift */ = {isa = PBXFileReference; lastKnownFileType = sourcecode.swift; path = PrayersWidget.swift; sourceTree = "<group>"; };
		72728D052B3D51F800FAA3B3 /* PrayersProvider.swift */ = {isa = PBXFileReference; lastKnownFileType = sourcecode.swift; path = PrayersProvider.swift; sourceTree = "<group>"; };
		72728D072B3D523700FAA3B3 /* CountdownWidget.swift */ = {isa = PBXFileReference; lastKnownFileType = sourcecode.swift; path = CountdownWidget.swift; sourceTree = "<group>"; };
		72728D092B3D524600FAA3B3 /* LockScreen1Widget.swift */ = {isa = PBXFileReference; lastKnownFileType = sourcecode.swift; path = LockScreen1Widget.swift; sourceTree = "<group>"; };
		72728D0B2B3D525300FAA3B3 /* LockScreen2Widget.swift */ = {isa = PBXFileReference; lastKnownFileType = sourcecode.swift; path = LockScreen2Widget.swift; sourceTree = "<group>"; };
		72728D452B3D535600FAA3B3 /* Complication.appex */ = {isa = PBXFileReference; explicitFileType = "wrapper.app-extension"; includeInIndex = 0; path = Complication.appex; sourceTree = BUILT_PRODUCTS_DIR; };
		72728D492B3D535600FAA3B3 /* Complication.swift */ = {isa = PBXFileReference; lastKnownFileType = sourcecode.swift; path = Complication.swift; sourceTree = "<group>"; };
		72827EAE2E3D70EC00EBA534 /* SettingsAdhanView.swift */ = {isa = PBXFileReference; lastKnownFileType = sourcecode.swift; path = SettingsAdhanView.swift; sourceTree = "<group>"; };
		728E2EEA2E6E048300F2C24C /* SettingsAdhan.swift */ = {isa = PBXFileReference; lastKnownFileType = sourcecode.swift; path = SettingsAdhan.swift; sourceTree = "<group>"; };
		72BC6B2F2E2D787D00ACD832 /* Logo.jpg */ = {isa = PBXFileReference; lastKnownFileType = image.jpeg; path = Logo.jpg; sourceTree = "<group>"; };
		72C7DD772D79AA0C00FC6058 /* SimpleWidget.swift */ = {isa = PBXFileReference; lastKnownFileType = sourcecode.swift; path = SimpleWidget.swift; sourceTree = "<group>"; };
		72CCAE5F2D42CD8A00871A6A /* MapView.swift */ = {isa = PBXFileReference; lastKnownFileType = sourcecode.swift; path = MapView.swift; sourceTree = "<group>"; };
		72CCAE612D42CDAD00871A6A /* AppDelegate.swift */ = {isa = PBXFileReference; lastKnownFileType = sourcecode.swift; path = AppDelegate.swift; sourceTree = "<group>"; };
		72CCAE632D42CDEB00871A6A /* ConditionalStyle.swift */ = {isa = PBXFileReference; lastKnownFileType = sourcecode.swift; path = ConditionalStyle.swift; sourceTree = "<group>"; };
		72CCAE652D42CE0000871A6A /* SearchBar.swift */ = {isa = PBXFileReference; lastKnownFileType = sourcecode.swift; path = SearchBar.swift; sourceTree = "<group>"; };
		72CCAE672D42CE2B00871A6A /* DismissKeyboard.swift */ = {isa = PBXFileReference; lastKnownFileType = sourcecode.swift; path = DismissKeyboard.swift; sourceTree = "<group>"; };
		72CCAE892D42D55B00871A6A /* Info-Main.plist */ = {isa = PBXFileReference; lastKnownFileType = text.plist.xml; path = "Info-Main.plist"; sourceTree = "<group>"; };
		72CCAE8E2D42D86A00871A6A /* README.md */ = {isa = PBXFileReference; lastKnownFileType = net.daringfireball.markdown; path = README.md; sourceTree = "<group>"; };
		72D0BCCA2D7AE99600B7E4F5 /* Prayers2Widget.swift */ = {isa = PBXFileReference; lastKnownFileType = sourcecode.swift; path = Prayers2Widget.swift; sourceTree = "<group>"; };
/* End PBXFileReference section */

/* Begin PBXFrameworksBuildPhase section */
		72728C8F2B3D18E500FAA3B3 /* Frameworks */ = {
			isa = PBXFrameworksBuildPhase;
			buildActionMask = 2147483647;
			files = (
				FCB183172F4D506300249966 /* RevenueCat in Frameworks */,
				72C30E8D2BCC648400F54570 /* Adhan in Frameworks */,
				FCB183192F4D506300249966 /* RevenueCatUI in Frameworks */,
			);
			runOnlyForDeploymentPostprocessing = 0;
		};
		72728CED2B3D51B200FAA3B3 /* Frameworks */ = {
			isa = PBXFrameworksBuildPhase;
			buildActionMask = 2147483647;
			files = (
				72C30E8F2BCC649400F54570 /* Adhan in Frameworks */,
			);
			runOnlyForDeploymentPostprocessing = 0;
		};
/* End PBXFrameworksBuildPhase section */

/* Begin PBXGroup section */
		722A7F862D421F3E0040DC9C /* Packages */ = {
			isa = PBXGroup;
			children = (
				722A7F882D421F5F0040DC9C /* adhan-swift-main */,
			);
			path = Packages;
			sourceTree = "<group>";
		};
		72728C892B3D18E500FAA3B3 = {
			isa = PBXGroup;
			children = (
				72CCAE8E2D42D86A00871A6A /* README.md */,
				72F1EA3F2D421CAF008F6FBE /* Resources */,
				72728C942B3D18E500FAA3B3 /* iPhone */,
				72728CF52B3D51B200FAA3B3 /* Widget */,
				72728CC82B3D1FF900FAA3B3 /* Apple Watch */,
				72728D482B3D535600FAA3B3 /* Complication */,
				72728C932B3D18E500FAA3B3 /* Products */,
			);
			sourceTree = "<group>";
		};
		72728C932B3D18E500FAA3B3 /* Products */ = {
			isa = PBXGroup;
			children = (
				72728C922B3D18E500FAA3B3 /* iPhone.app */,
				72728CC72B3D1FF900FAA3B3 /* Al-Adhan.app */,
				72728CF02B3D51B200FAA3B3 /* Widget.appex */,
				72728D452B3D535600FAA3B3 /* Complication.appex */,
			);
			name = Products;
			sourceTree = "<group>";
		};
		72728C942B3D18E500FAA3B3 /* iPhone */ = {
			isa = PBXGroup;
			children = (
				72728C952B3D18E500FAA3B3 /* Al-AdhanApp.swift */,
				72CCAE612D42CDAD00871A6A /* AppDelegate.swift */,
				72537C1D2F04338E00829F59 /* AppReview.swift */,
				72728CAF2B3D19CF00FAA3B3 /* SplashScreen.swift */,
				722BBD372F0997DB004F3659 /* AdhanSheet.swift */,
				72728CB02B3D19CF00FAA3B3 /* LaunchScreen.swift */,
				72CCAE692D42CE4800871A6A /* Helpers */,
				72728CB72B3D1A5F00FAA3B3 /* Adhan */,
				72728CA82B3D198300FAA3B3 /* Other */,
				72728CBE2B3D1A9600FAA3B3 /* Settings */,
			);
			path = iPhone;
			sourceTree = "<group>";
		};
		72728CA82B3D198300FAA3B3 /* Other */ = {
			isa = PBXGroup;
			children = (
				72728CEA2B3D209E00FAA3B3 /* OtherView.swift */,
				72728CAA2B3D198300FAA3B3 /* ToolsView.swift */,
				72CCAE722D42CFE700871A6A /* Arabic */,
			);
			path = Other;
			sourceTree = "<group>";
		};
		72728CB72B3D1A5F00FAA3B3 /* Adhan */ = {
			isa = PBXGroup;
			children = (
				72537C1F2F04340600829F59 /* AdhanStructs.swift */,
				72728CB32B3D19EE00FAA3B3 /* AdhanView.swift */,
				72728CB82B3D1A6E00FAA3B3 /* QiblaView.swift */,
				72728CBA2B3D1A7A00FAA3B3 /* PrayerCountdown.swift */,
				72728CBC2B3D1A8300FAA3B3 /* PrayerList.swift */,
				7263422A2E8CCB4C00B9A0DA /* CalendarView.swift */,
				72CCAE5F2D42CD8A00871A6A /* MapView.swift */,
				72574CCB2E49F26900BFF138 /* AdhanShortcuts.swift */,
			);
			path = Adhan;
			sourceTree = "<group>";
		};
		72728CBE2B3D1A9600FAA3B3 /* Settings */ = {
			isa = PBXGroup;
			children = (
				72728CBF2B3D1AA000FAA3B3 /* SettingsView.swift */,
				72827EAE2E3D70EC00EBA534 /* SettingsAdhanView.swift */,
				720DEC642D2456FF006EA342 /* CreditsView.swift */,
				72728CC12B3D1AA300FAA3B3 /* Settings.swift */,
				728E2EEA2E6E048300F2C24C /* SettingsAdhan.swift */,
				720CCE422E3960BB002DD82E /* Globals.swift */,
				72574CD32E49F35600BFF138 /* AppIntents.swift */,
			);
			path = Settings;
			sourceTree = "<group>";
		};
		72728CC82B3D1FF900FAA3B3 /* Apple Watch */ = {
			isa = PBXGroup;
			children = (
				72728CC92B3D1FF900FAA3B3 /* Al-AdhanApp.swift */,
			);
			path = "Apple Watch";
			sourceTree = "<group>";
		};
		72728CF52B3D51B200FAA3B3 /* Widget */ = {
			isa = PBXGroup;
			children = (
				72728CF62B3D51B200FAA3B3 /* Widgets.swift */,
				72728D052B3D51F800FAA3B3 /* PrayersProvider.swift */,
				72C7DD772D79AA0C00FC6058 /* SimpleWidget.swift */,
				72728D072B3D523700FAA3B3 /* CountdownWidget.swift */,
				72728CF82B3D51B200FAA3B3 /* PrayersWidget.swift */,
				72D0BCCA2D7AE99600B7E4F5 /* Prayers2Widget.swift */,
				72728D092B3D524600FAA3B3 /* LockScreen1Widget.swift */,
				72728D0B2B3D525300FAA3B3 /* LockScreen2Widget.swift */,
				7205C1EE2D797535001D4979 /* LockScreen3Widget.swift */,
				7205C1EF2D797535001D4979 /* LockScreen4Widget.swift */,
			);
			path = Widget;
			sourceTree = "<group>";
		};
		72728D482B3D535600FAA3B3 /* Complication */ = {
			isa = PBXGroup;
			children = (
				72728D492B3D535600FAA3B3 /* Complication.swift */,
			);
			path = Complication;
			sourceTree = "<group>";
		};
		72CCAE5E2D42213700871A6A /* JSONs */ = {
			isa = PBXGroup;
			children = (
				72728CAB2B3D198300FAA3B3 /* 99_Names_Of_Allah.json */,
			);
			path = JSONs;
			sourceTree = "<group>";
		};
		72CCAE692D42CE4800871A6A /* Helpers */ = {
			isa = PBXGroup;
			children = (
				72CCAE672D42CE2B00871A6A /* DismissKeyboard.swift */,
				72CCAE632D42CDEB00871A6A /* ConditionalStyle.swift */,
				72CCAE652D42CE0000871A6A /* SearchBar.swift */,
			);
			path = Helpers;
			sourceTree = "<group>";
		};
		72CCAE722D42CFE700871A6A /* Arabic */ = {
			isa = PBXGroup;
			children = (
				72657D432E3EB6C700D8F41B /* Arabic.swift */,
				72657D442E3EB6C700D8F41B /* ArabicView.swift */,
				72657D452E3EB6C700D8F41B /* ArabicLetterView.swift */,
			);
			path = Arabic;
			sourceTree = "<group>";
		};
		72F1EA3F2D421CAF008F6FBE /* Resources */ = {
			isa = PBXGroup;
			children = (
				72728CB52B3D1A0E00FAA3B3 /* Entitlements.entitlements */,
				72CCAE892D42D55B00871A6A /* Info-Main.plist */,
				72616D7F2D52F70D00A66C86 /* Info-Widget.plist */,
				72728C992B3D18E600FAA3B3 /* Assets.xcassets */,
				72BC6B2F2E2D787D00ACD832 /* Logo.jpg */,
				72F1EA402D421CC7008F6FBE /* Fonts */,
				72CCAE5E2D42213700871A6A /* JSONs */,
				722A7F862D421F3E0040DC9C /* Packages */,
			);
			path = Resources;
			sourceTree = "<group>";
		};
		72F1EA402D421CC7008F6FBE /* Fonts */ = {
			isa = PBXGroup;
			children = (
				72728CA32B3D191F00FAA3B3 /* Uthmani.otf */,
			);
			path = Fonts;
			sourceTree = "<group>";
		};
/* End PBXGroup section */

/* Begin PBXNativeTarget section */
		72728C912B3D18E500FAA3B3 /* iPhone */ = {
			isa = PBXNativeTarget;
			buildConfigurationList = 72728CA02B3D18E600FAA3B3 /* Build configuration list for PBXNativeTarget "iPhone" */;
			buildPhases = (
				72728C8E2B3D18E500FAA3B3 /* Sources */,
				72728C8F2B3D18E500FAA3B3 /* Frameworks */,
				72728C902B3D18E500FAA3B3 /* Resources */,
				72728D032B3D51B300FAA3B3 /* Embed Foundation Extensions */,
			);
			buildRules = (
			);
			dependencies = (
				72728CFE2B3D51B300FAA3B3 /* PBXTargetDependency */,
			);
			name = iPhone;
			packageProductDependencies = (
				72C30E8C2BCC648400F54570 /* Adhan */,
				FCB183162F4D506300249966 /* RevenueCat */,
				FCB183182F4D506300249966 /* RevenueCatUI */,
			);
			productName = "Prayer Times";
			productReference = 72728C922B3D18E500FAA3B3 /* iPhone.app */;
			productType = "com.apple.product-type.application";
		};
		72728CEF2B3D51B200FAA3B3 /* Widget */ = {
			isa = PBXNativeTarget;
			buildConfigurationList = 72728D002B3D51B300FAA3B3 /* Build configuration list for PBXNativeTarget "Widget" */;
			buildPhases = (
				72728CEC2B3D51B200FAA3B3 /* Sources */,
				72728CED2B3D51B200FAA3B3 /* Frameworks */,
				72728CEE2B3D51B200FAA3B3 /* Resources */,
			);
			buildRules = (
			);
			dependencies = (
			);
			name = Widget;
			packageProductDependencies = (
				72C30E8E2BCC649400F54570 /* Adhan */,
			);
			productName = WidgetExtension;
			productReference = 72728CF02B3D51B200FAA3B3 /* Widget.appex */;
			productType = "com.apple.product-type.app-extension";
		};
/* End PBXNativeTarget section */

/* Begin PBXProject section */
		72728C8A2B3D18E500FAA3B3 /* Project object */ = {
			isa = PBXProject;
			attributes = {
				BuildIndependentTargetsInParallel = 1;
				LastSwiftUpdateCheck = 1510;
				LastUpgradeCheck = 2600;
				TargetAttributes = {
					72728C912B3D18E500FAA3B3 = {
						CreatedOnToolsVersion = 15.1;
					};
					72728CEF2B3D51B200FAA3B3 = {
						CreatedOnToolsVersion = 15.1;
					};
				};
			};
			buildConfigurationList = 72728C8D2B3D18E500FAA3B3 /* Build configuration list for PBXProject "Al-Adhan" */;
			developmentRegion = en;
			hasScannedForEncodings = 0;
			knownRegions = (
				en,
				Base,
			);
			mainGroup = 72728C892B3D18E500FAA3B3;
			packageReferences = (
				72728CA52B3D196B00FAA3B3 /* XCLocalSwiftPackageReference "adhan-swift-main" */,
				FCB183152F4D506300249966 /* XCRemoteSwiftPackageReference "purchases-ios-spm" */,
			);
			preferredProjectObjectVersion = 77;
			productRefGroup = 72728C932B3D18E500FAA3B3 /* Products */;
			projectDirPath = "";
			projectRoot = "";
			targets = (
				72728C912B3D18E500FAA3B3 /* iPhone */,
				72728CEF2B3D51B200FAA3B3 /* Widget */,
			);
		};
/* End PBXProject section */

/* Begin PBXResourcesBuildPhase section */
		72728C902B3D18E500FAA3B3 /* Resources */ = {
			isa = PBXResourcesBuildPhase;
			buildActionMask = 2147483647;
			files = (
				72728CAE2B3D198300FAA3B3 /* 99_Names_Of_Allah.json in Resources */,
				72728CA42B3D191F00FAA3B3 /* Uthmani.otf in Resources */,
				72728C9A2B3D18E600FAA3B3 /* Assets.xcassets in Resources */,
			);
			runOnlyForDeploymentPostprocessing = 0;
		};
		72728CEE2B3D51B200FAA3B3 /* Resources */ = {
			isa = PBXResourcesBuildPhase;
			buildActionMask = 2147483647;
			files = (
				72728D232B3D52B900FAA3B3 /* Uthmani.otf in Resources */,
				72728D262B3D52BE00FAA3B3 /* Assets.xcassets in Resources */,
			);
			runOnlyForDeploymentPostprocessing = 0;
		};
/* End PBXResourcesBuildPhase section */

/* Begin PBXSourcesBuildPhase section */
		72728C8E2B3D18E500FAA3B3 /* Sources */ = {
			isa = PBXSourcesBuildPhase;
			buildActionMask = 2147483647;
			files = (
				722BBD382F0997DB004F3659 /* AdhanSheet.swift in Sources */,
				72CCAE642D42CDEB00871A6A /* ConditionalStyle.swift in Sources */,
				72728CB12B3D19CF00FAA3B3 /* SplashScreen.swift in Sources */,
				728E2EEB2E6E048300F2C24C /* SettingsAdhan.swift in Sources */,
				72574CCC2E49F26900BFF138 /* AdhanShortcuts.swift in Sources */,
				72728CB92B3D1A6E00FAA3B3 /* QiblaView.swift in Sources */,
				72728CBD2B3D1A8300FAA3B3 /* PrayerList.swift in Sources */,
				7263422B2E8CCB4C00B9A0DA /* CalendarView.swift in Sources */,
				72728CB42B3D19EE00FAA3B3 /* AdhanView.swift in Sources */,
				72CCAE662D42CE0000871A6A /* SearchBar.swift in Sources */,
				72CCAE622D42CDAD00871A6A /* AppDelegate.swift in Sources */,
				72827EAF2E3D70EC00EBA534 /* SettingsAdhanView.swift in Sources */,
				72537C1E2F04338E00829F59 /* AppReview.swift in Sources */,
				72CCAE602D42CD8A00871A6A /* MapView.swift in Sources */,
				72657D492E3EB6C700D8F41B /* ArabicLetterView.swift in Sources */,
				72657D4A2E3EB6C700D8F41B /* Arabic.swift in Sources */,
				72657D4B2E3EB6C700D8F41B /* ArabicView.swift in Sources */,
				72728CAD2B3D198300FAA3B3 /* ToolsView.swift in Sources */,
				72728CC02B3D1AA000FAA3B3 /* SettingsView.swift in Sources */,
				72728CBB2B3D1A7A00FAA3B3 /* PrayerCountdown.swift in Sources */,
				72574CD52E49F35600BFF138 /* AppIntents.swift in Sources */,
				72BC6B242E2B9D9300ACD832 /* OtherView.swift in Sources */,
				72CCAE682D42CE2B00871A6A /* DismissKeyboard.swift in Sources */,
				720CCE452E3960BB002DD82E /* Globals.swift in Sources */,
				72728CB22B3D19CF00FAA3B3 /* LaunchScreen.swift in Sources */,
				720DEC682D2456FF006EA342 /* CreditsView.swift in Sources */,
				72537C202F04340600829F59 /* AdhanStructs.swift in Sources */,
				72728CC22B3D1AA300FAA3B3 /* Settings.swift in Sources */,
				72728C962B3D18E500FAA3B3 /* Al-AdhanApp.swift in Sources */,
			);
			runOnlyForDeploymentPostprocessing = 0;
		};
		72728CEC2B3D51B200FAA3B3 /* Sources */ = {
			isa = PBXSourcesBuildPhase;
			buildActionMask = 2147483647;
			files = (
				72C7DD782D79AA0C00FC6058 /* SimpleWidget.swift in Sources */,
				72574CD62E49F35600BFF138 /* AppIntents.swift in Sources */,
				72574CCF2E49F26900BFF138 /* AdhanShortcuts.swift in Sources */,
				72728CF72B3D51B200FAA3B3 /* Widgets.swift in Sources */,
				72728D082B3D523700FAA3B3 /* CountdownWidget.swift in Sources */,
				72537C222F0434C500829F59 /* AdhanStructs.swift in Sources */,
				72728D0A2B3D524600FAA3B3 /* LockScreen1Widget.swift in Sources */,
				72728D0C2B3D525300FAA3B3 /* LockScreen2Widget.swift in Sources */,
				72728D282B3D52C400FAA3B3 /* Settings.swift in Sources */,
				72657D4C2E3EB6D200D8F41B /* Arabic.swift in Sources */,
				72D0BCCB2D7AE99600B7E4F5 /* Prayers2Widget.swift in Sources */,
				72728D062B3D51F800FAA3B3 /* PrayersProvider.swift in Sources */,
				728E2EEC2E6E048300F2C24C /* SettingsAdhan.swift in Sources */,
				7205C1F02D797535001D4979 /* LockScreen3Widget.swift in Sources */,
				7205C1F12D797535001D4979 /* LockScreen4Widget.swift in Sources */,
				720CCE432E3960BB002DD82E /* Globals.swift in Sources */,
				72728CF92B3D51B200FAA3B3 /* PrayersWidget.swift in Sources */,
			);
			runOnlyForDeploymentPostprocessing = 0;
		};
/* End PBXSourcesBuildPhase section */

/* Begin PBXTargetDependency section */
		72728CFE2B3D51B300FAA3B3 /* PBXTargetDependency */ = {
			isa = PBXTargetDependency;
			target = 72728CEF2B3D51B200FAA3B3 /* Widget */;
			targetProxy = 72728CFD2B3D51B300FAA3B3 /* PBXContainerItemProxy */;
		};
/* End PBXTargetDependency section */

/* Begin XCBuildConfiguration section */
		72728C9E2B3D18E600FAA3B3 /* Debug */ = {
			isa = XCBuildConfiguration;
			buildSettings = {
				ALWAYS_SEARCH_USER_PATHS = NO;
				ASSETCATALOG_COMPILER_GENERATE_SWIFT_ASSET_SYMBOL_EXTENSIONS = YES;
				CLANG_ANALYZER_NONNULL = YES;
				CLANG_ANALYZER_NUMBER_OBJECT_CONVERSION = YES_AGGRESSIVE;
				CLANG_CXX_LANGUAGE_STANDARD = "gnu++20";
				CLANG_ENABLE_MODULES = YES;
				CLANG_ENABLE_OBJC_ARC = YES;
				CLANG_ENABLE_OBJC_WEAK = YES;
				CLANG_WARN_BLOCK_CAPTURE_AUTORELEASING = YES;
				CLANG_WARN_BOOL_CONVERSION = YES;
				CLANG_WARN_COMMA = YES;
				CLANG_WARN_CONSTANT_CONVERSION = YES;
				CLANG_WARN_DEPRECATED_OBJC_IMPLEMENTATIONS = YES;
				CLANG_WARN_DIRECT_OBJC_ISA_USAGE = YES_ERROR;
				CLANG_WARN_DOCUMENTATION_COMMENTS = YES;
				CLANG_WARN_EMPTY_BODY = YES;
				CLANG_WARN_ENUM_CONVERSION = YES;
				CLANG_WARN_INFINITE_RECURSION = YES;
				CLANG_WARN_INT_CONVERSION = YES;
				CLANG_WARN_NON_LITERAL_NULL_CONVERSION = YES;
				CLANG_WARN_OBJC_IMPLICIT_RETAIN_SELF = YES;
				CLANG_WARN_OBJC_LITERAL_CONVERSION = YES;
				CLANG_WARN_OBJC_ROOT_CLASS = YES_ERROR;
				CLANG_WARN_QUOTED_INCLUDE_IN_FRAMEWORK_HEADER = YES;
				CLANG_WARN_RANGE_LOOP_ANALYSIS = YES;
				CLANG_WARN_STRICT_PROTOTYPES = YES;
				CLANG_WARN_SUSPICIOUS_MOVE = YES;
				CLANG_WARN_UNGUARDED_AVAILABILITY = YES_AGGRESSIVE;
				CLANG_WARN_UNREACHABLE_CODE = YES;
				CLANG_WARN__DUPLICATE_METHOD_MATCH = YES;
				CODE_SIGN_ENTITLEMENTS = Resources/Entitlements.entitlements;
				COPY_PHASE_STRIP = NO;
				DEBUG_INFORMATION_FORMAT = dwarf;
				DEVELOPMENT_TEAM = 8HQMC4MQ59;
				ENABLE_STRICT_OBJC_MSGSEND = YES;
				ENABLE_TESTABILITY = YES;
				ENABLE_USER_SCRIPT_SANDBOXING = YES;
				GCC_C_LANGUAGE_STANDARD = gnu17;
				GCC_DYNAMIC_NO_PIC = NO;
				GCC_NO_COMMON_BLOCKS = YES;
				GCC_OPTIMIZATION_LEVEL = 0;
				GCC_PREPROCESSOR_DEFINITIONS = (
					"DEBUG=1",
					"$(inherited)",
				);
				GCC_WARN_64_TO_32_BIT_CONVERSION = YES;
				GCC_WARN_ABOUT_RETURN_TYPE = YES_ERROR;
				GCC_WARN_UNDECLARED_SELECTOR = YES;
				GCC_WARN_UNINITIALIZED_AUTOS = YES_AGGRESSIVE;
				GCC_WARN_UNUSED_FUNCTION = YES;
				GCC_WARN_UNUSED_VARIABLE = YES;
				INFOPLIST_FILE = "";
				IPHONEOS_DEPLOYMENT_TARGET = 15.0;
				LOCALIZATION_PREFERS_STRING_CATALOGS = YES;
				MTL_ENABLE_DEBUG_INFO = INCLUDE_SOURCE;
				MTL_FAST_MATH = YES;
				ONLY_ACTIVE_ARCH = YES;
				SDKROOT = iphoneos;
				STRING_CATALOG_GENERATE_SYMBOLS = YES;
				SWIFT_ACTIVE_COMPILATION_CONDITIONS = "DEBUG $(inherited)";
				SWIFT_OPTIMIZATION_LEVEL = "-Onone";
				WATCHOS_DEPLOYMENT_TARGET = 9.0;
			};
			name = Debug;
		};
		72728C9F2B3D18E600FAA3B3 /* Release */ = {
			isa = XCBuildConfiguration;
			buildSettings = {
				ALWAYS_SEARCH_USER_PATHS = NO;
				ASSETCATALOG_COMPILER_GENERATE_SWIFT_ASSET_SYMBOL_EXTENSIONS = YES;
				CLANG_ANALYZER_NONNULL = YES;
				CLANG_ANALYZER_NUMBER_OBJECT_CONVERSION = YES_AGGRESSIVE;
				CLANG_CXX_LANGUAGE_STANDARD = "gnu++20";
				CLANG_ENABLE_MODULES = YES;
				CLANG_ENABLE_OBJC_ARC = YES;
				CLANG_ENABLE_OBJC_WEAK = YES;
				CLANG_WARN_BLOCK_CAPTURE_AUTORELEASING = YES;
				CLANG_WARN_BOOL_CONVERSION = YES;
				CLANG_WARN_COMMA = YES;
				CLANG_WARN_CONSTANT_CONVERSION = YES;
				CLANG_WARN_DEPRECATED_OBJC_IMPLEMENTATIONS = YES;
				CLANG_WARN_DIRECT_OBJC_ISA_USAGE = YES_ERROR;
				CLANG_WARN_DOCUMENTATION_COMMENTS = YES;
				CLANG_WARN_EMPTY_BODY = YES;
				CLANG_WARN_ENUM_CONVERSION = YES;
				CLANG_WARN_INFINITE_RECURSION = YES;
				CLANG_WARN_INT_CONVERSION = YES;
				CLANG_WARN_NON_LITERAL_NULL_CONVERSION = YES;
				CLANG_WARN_OBJC_IMPLICIT_RETAIN_SELF = YES;
				CLANG_WARN_OBJC_LITERAL_CONVERSION = YES;
				CLANG_WARN_OBJC_ROOT_CLASS = YES_ERROR;
				CLANG_WARN_QUOTED_INCLUDE_IN_FRAMEWORK_HEADER = YES;
				CLANG_WARN_RANGE_LOOP_ANALYSIS = YES;
				CLANG_WARN_STRICT_PROTOTYPES = YES;
				CLANG_WARN_SUSPICIOUS_MOVE = YES;
				CLANG_WARN_UNGUARDED_AVAILABILITY = YES_AGGRESSIVE;
				CLANG_WARN_UNREACHABLE_CODE = YES;
				CLANG_WARN__DUPLICATE_METHOD_MATCH = YES;
				CODE_SIGN_ENTITLEMENTS = Resources/Entitlements.entitlements;
				COPY_PHASE_STRIP = NO;
				DEBUG_INFORMATION_FORMAT = "dwarf-with-dsym";
				DEVELOPMENT_TEAM = 8HQMC4MQ59;
				ENABLE_NS_ASSERTIONS = NO;
				ENABLE_STRICT_OBJC_MSGSEND = YES;
				ENABLE_USER_SCRIPT_SANDBOXING = YES;
				GCC_C_LANGUAGE_STANDARD = gnu17;
				GCC_NO_COMMON_BLOCKS = YES;
				GCC_WARN_64_TO_32_BIT_CONVERSION = YES;
				GCC_WARN_ABOUT_RETURN_TYPE = YES_ERROR;
				GCC_WARN_UNDECLARED_SELECTOR = YES;
				GCC_WARN_UNINITIALIZED_AUTOS = YES_AGGRESSIVE;
				GCC_WARN_UNUSED_FUNCTION = YES;
				GCC_WARN_UNUSED_VARIABLE = YES;
				INFOPLIST_FILE = "";
				IPHONEOS_DEPLOYMENT_TARGET = 15.0;
				LOCALIZATION_PREFERS_STRING_CATALOGS = YES;
				MTL_ENABLE_DEBUG_INFO = NO;
				MTL_FAST_MATH = YES;
				SDKROOT = iphoneos;
				STRING_CATALOG_GENERATE_SYMBOLS = YES;
				SWIFT_COMPILATION_MODE = wholemodule;
				VALIDATE_PRODUCT = YES;
				WATCHOS_DEPLOYMENT_TARGET = 9.0;
			};
			name = Release;
		};
		72728CA12B3D18E600FAA3B3 /* Debug */ = {
			isa = XCBuildConfiguration;
			buildSettings = {
				ASSETCATALOG_COMPILER_APPICON_NAME = "AppIcon Phone";
				ASSETCATALOG_COMPILER_GLOBAL_ACCENT_COLOR_NAME = AccentColor;
				CODE_SIGN_ENTITLEMENTS = Resources/Entitlements.entitlements;
				CODE_SIGN_STYLE = Automatic;
				CURRENT_PROJECT_VERSION = 1;
				DEVELOPMENT_TEAM = 8H5C9P92ZB;
				ENABLE_PREVIEWS = YES;
				GENERATE_INFOPLIST_FILE = YES;
				INFOPLIST_FILE = "Resources/Info-Main.plist";
				INFOPLIST_KEY_CFBundleDisplayName = "Al-Adhan";
				INFOPLIST_KEY_LSApplicationCategoryType = "public.app-category.utilities";
				INFOPLIST_KEY_NSLocationAlwaysAndWhenInUseUsageDescription = "Needed to accurately determine prayer times based on where you are (your location stays on your device).";
				INFOPLIST_KEY_NSLocationAlwaysUsageDescription = "Needed to accurately determine prayer times based on where you are (your location stays on your device).";
				INFOPLIST_KEY_NSLocationWhenInUseUsageDescription = "Needed to accurately determine prayer times based on where you are (your location stays on your device).";
				INFOPLIST_KEY_NSPhotoLibraryAddUsageDescription = "Used to save wallpapers you choose to your Photo Library.";
				INFOPLIST_KEY_UIApplicationSceneManifest_Generation = YES;
				INFOPLIST_KEY_UIApplicationSupportsIndirectInputEvents = YES;
				INFOPLIST_KEY_UILaunchScreen_Generation = YES;
				INFOPLIST_KEY_UISupportedInterfaceOrientations_iPad = "UIInterfaceOrientationPortrait UIInterfaceOrientationPortraitUpsideDown UIInterfaceOrientationLandscapeLeft UIInterfaceOrientationLandscapeRight";
				INFOPLIST_KEY_UISupportedInterfaceOrientations_iPhone = "UIInterfaceOrientationPortrait UIInterfaceOrientationLandscapeLeft UIInterfaceOrientationLandscapeRight";
				IPHONEOS_DEPLOYMENT_TARGET = 15.0;
				LD_RUNPATH_SEARCH_PATHS = (
					"$(inherited)",
					"@executable_path/Frameworks",
				);
				MARKETING_VERSION = 1.0.0;
				PRODUCT_BUNDLE_IDENTIFIER = app.riskcreatives.waktu;
				PRODUCT_NAME = "$(TARGET_NAME)";
				SWIFT_EMIT_LOC_STRINGS = YES;
				SWIFT_VERSION = 5.0;
				TARGETED_DEVICE_FAMILY = "1,2";
			};
			name = Debug;
		};
		72728CA22B3D18E600FAA3B3 /* Release */ = {
			isa = XCBuildConfiguration;
			buildSettings = {
				ASSETCATALOG_COMPILER_APPICON_NAME = "AppIcon Phone";
				ASSETCATALOG_COMPILER_GLOBAL_ACCENT_COLOR_NAME = AccentColor;
				CODE_SIGN_ENTITLEMENTS = Resources/Entitlements.entitlements;
				CODE_SIGN_STYLE = Automatic;
				CURRENT_PROJECT_VERSION = 1;
				DEVELOPMENT_TEAM = 8H5C9P92ZB;
				ENABLE_PREVIEWS = YES;
				GENERATE_INFOPLIST_FILE = YES;
				INFOPLIST_FILE = "Resources/Info-Main.plist";
				INFOPLIST_KEY_CFBundleDisplayName = "Al-Adhan";
				INFOPLIST_KEY_LSApplicationCategoryType = "public.app-category.utilities";
				INFOPLIST_KEY_NSLocationAlwaysAndWhenInUseUsageDescription = "Needed to accurately determine prayer times based on where you are (your location stays on your device).";
				INFOPLIST_KEY_NSLocationAlwaysUsageDescription = "Needed to accurately determine prayer times based on where you are (your location stays on your device).";
				INFOPLIST_KEY_NSLocationWhenInUseUsageDescription = "Needed to accurately determine prayer times based on where you are (your location stays on your device).";
				INFOPLIST_KEY_NSPhotoLibraryAddUsageDescription = "Used to save wallpapers you choose to your Photo Library.";
				INFOPLIST_KEY_UIApplicationSceneManifest_Generation = YES;
				INFOPLIST_KEY_UIApplicationSupportsIndirectInputEvents = YES;
				INFOPLIST_KEY_UILaunchScreen_Generation = YES;
				INFOPLIST_KEY_UISupportedInterfaceOrientations_iPad = "UIInterfaceOrientationPortrait UIInterfaceOrientationPortraitUpsideDown UIInterfaceOrientationLandscapeLeft UIInterfaceOrientationLandscapeRight";
				INFOPLIST_KEY_UISupportedInterfaceOrientations_iPhone = "UIInterfaceOrientationPortrait UIInterfaceOrientationLandscapeLeft UIInterfaceOrientationLandscapeRight";
				IPHONEOS_DEPLOYMENT_TARGET = 15.0;
				LD_RUNPATH_SEARCH_PATHS = (
					"$(inherited)",
					"@executable_path/Frameworks",
				);
				MARKETING_VERSION = 1.0.0;
				PRODUCT_BUNDLE_IDENTIFIER = app.riskcreatives.waktu;
				PRODUCT_NAME = "$(TARGET_NAME)";
				SWIFT_EMIT_LOC_STRINGS = YES;
				SWIFT_VERSION = 5.0;
				TARGETED_DEVICE_FAMILY = "1,2";
			};
			name = Release;
		};
		72728D012B3D51B300FAA3B3 /* Debug */ = {
			isa = XCBuildConfiguration;
			buildSettings = {
				ASSETCATALOG_COMPILER_GLOBAL_ACCENT_COLOR_NAME = AccentColor;
				ASSETCATALOG_COMPILER_WIDGET_BACKGROUND_COLOR_NAME = "";
				CODE_SIGN_ENTITLEMENTS = Resources/Entitlements.entitlements;
				CODE_SIGN_STYLE = Automatic;
				CURRENT_PROJECT_VERSION = 1;
				DEVELOPMENT_TEAM = 8H5C9P92ZB;
				GENERATE_INFOPLIST_FILE = YES;
				INFOPLIST_FILE = "Resources/Info-Widget.plist";
				INFOPLIST_KEY_CFBundleDisplayName = "Al-Adhan";
				INFOPLIST_KEY_NSHumanReadableCopyright = "";
				IPHONEOS_DEPLOYMENT_TARGET = 15.0;
				LD_RUNPATH_SEARCH_PATHS = (
					"$(inherited)",
					"@executable_path/Frameworks",
					"@executable_path/../../Frameworks",
				);
				MARKETING_VERSION = 1.0.0;
				PRODUCT_BUNDLE_IDENTIFIER = app.riskcreatives.waktu.Widget;
				PRODUCT_NAME = "$(TARGET_NAME)";
				SKIP_INSTALL = YES;
				SWIFT_EMIT_LOC_STRINGS = YES;
				SWIFT_VERSION = 5.0;
				TARGETED_DEVICE_FAMILY = "1,2";
			};
			name = Debug;
		};
		72728D022B3D51B300FAA3B3 /* Release */ = {
			isa = XCBuildConfiguration;
			buildSettings = {
				ASSETCATALOG_COMPILER_GLOBAL_ACCENT_COLOR_NAME = AccentColor;
				ASSETCATALOG_COMPILER_WIDGET_BACKGROUND_COLOR_NAME = "";
				CODE_SIGN_ENTITLEMENTS = Resources/Entitlements.entitlements;
				CODE_SIGN_STYLE = Automatic;
				CURRENT_PROJECT_VERSION = 1;
				DEVELOPMENT_TEAM = 8H5C9P92ZB;
				GENERATE_INFOPLIST_FILE = YES;
				INFOPLIST_FILE = "Resources/Info-Widget.plist";
				INFOPLIST_KEY_CFBundleDisplayName = "Al-Adhan";
				INFOPLIST_KEY_NSHumanReadableCopyright = "";
				IPHONEOS_DEPLOYMENT_TARGET = 15.0;
				LD_RUNPATH_SEARCH_PATHS = (
					"$(inherited)",
					"@executable_path/Frameworks",
					"@executable_path/../../Frameworks",
				);
				MARKETING_VERSION = 1.0.0;
				PRODUCT_BUNDLE_IDENTIFIER = app.riskcreatives.waktu.Widget;
				PRODUCT_NAME = "$(TARGET_NAME)";
				SKIP_INSTALL = YES;
				SWIFT_EMIT_LOC_STRINGS = YES;
				SWIFT_VERSION = 5.0;
				TARGETED_DEVICE_FAMILY = "1,2";
			};
			name = Release;
		};
/* End XCBuildConfiguration section */

/* Begin XCConfigurationList section */
		72728C8D2B3D18E500FAA3B3 /* Build configuration list for PBXProject "Al-Adhan" */ = {
			isa = XCConfigurationList;
			buildConfigurations = (
				72728C9E2B3D18E600FAA3B3 /* Debug */,
				72728C9F2B3D18E600FAA3B3 /* Release */,
			);
			defaultConfigurationIsVisible = 0;
			defaultConfigurationName = Release;
		};
		72728CA02B3D18E600FAA3B3 /* Build configuration list for PBXNativeTarget "iPhone" */ = {
			isa = XCConfigurationList;
			buildConfigurations = (
				72728CA12B3D18E600FAA3B3 /* Debug */,
				72728CA22B3D18E600FAA3B3 /* Release */,
			);
			defaultConfigurationIsVisible = 0;
			defaultConfigurationName = Release;
		};
		72728D002B3D51B300FAA3B3 /* Build configuration list for PBXNativeTarget "Widget" */ = {
			isa = XCConfigurationList;
			buildConfigurations = (
				72728D012B3D51B300FAA3B3 /* Debug */,
				72728D022B3D51B300FAA3B3 /* Release */,
			);
			defaultConfigurationIsVisible = 0;
			defaultConfigurationName = Release;
		};
/* End XCConfigurationList section */

/* Begin XCLocalSwiftPackageReference section */
		72728CA52B3D196B00FAA3B3 /* XCLocalSwiftPackageReference "adhan-swift-main" */ = {
			isa = XCLocalSwiftPackageReference;
			relativePath = "adhan-swift-main";
		};
/* End XCLocalSwiftPackageReference section */

/* Begin XCRemoteSwiftPackageReference section */
		FCB183152F4D506300249966 /* XCRemoteSwiftPackageReference "purchases-ios-spm" */ = {
			isa = XCRemoteSwiftPackageReference;
			repositoryURL = "https://github.com/RevenueCat/purchases-ios-spm.git";
			requirement = {
				kind = upToNextMajorVersion;
				minimumVersion = 5.59.2;
			};
		};
/* End XCRemoteSwiftPackageReference section */

/* Begin XCSwiftPackageProductDependency section */
		72C30E8C2BCC648400F54570 /* Adhan */ = {
			isa = XCSwiftPackageProductDependency;
			productName = Adhan;
		};
		72C30E8E2BCC649400F54570 /* Adhan */ = {
			isa = XCSwiftPackageProductDependency;
			productName = Adhan;
		};
		FCB183162F4D506300249966 /* RevenueCat */ = {
			isa = XCSwiftPackageProductDependency;
			package = FCB183152F4D506300249966 /* XCRemoteSwiftPackageReference "purchases-ios-spm" */;
			productName = RevenueCat;
		};
		FCB183182F4D506300249966 /* RevenueCatUI */ = {
			isa = XCSwiftPackageProductDependency;
			package = FCB183152F4D506300249966 /* XCRemoteSwiftPackageReference "purchases-ios-spm" */;
			productName = RevenueCatUI;
		};
/* End XCSwiftPackageProductDependency section */
	};
	rootObject = 72728C8A2B3D18E500FAA3B3 /* Project object */;
}
